
Microsoft Visual Studio Solution File, Format Version 12.00
# Visual Studio Version 17
VisualStudioVersion = 17.1.31903.286
MinimumVisualStudioVersion = 10.0.40219.1
Project("{9A19103F-16F7-4668-BE54-9A1E7A4F7556}") = "Client", "Client\Client.csproj", "{85129B4B-B514-49E7-A614-000C1AFA2FFD}"
EndProject
Project("{9A19103F-16F7-4668-BE54-9A1E7A4F7556}") = "Shared", "Shared\Shared.csproj", "{8594303B-E56C-4454-BC9B-77278A4C934E}"
EndProject
Project("{9A19103F-16F7-4668-BE54-9A1E7A4F7556}") = "Api", "Api\Api.csproj", "{997E7AFC-2C6E-49A0-B0E0-1B3208E23763}"
EndProject
Project("{54A90642-561A-4BB1-A94E-469ADEE60C69}") = "VisualisationInterop", "VisualisationInterop\VisualisationInterop.esproj", "{91244C21-7FE3-4F4A-852D-33009CB375CD}"
EndProject
Global
	GlobalSection(SolutionConfigurationPlatforms) = preSolution
		Debug|Any CPU = Debug|Any CPU
		Release|Any CPU = Release|Any CPU
	EndGlobalSection
	GlobalSection(ProjectConfigurationPlatforms) = postSolution
		{85129B4B-B514-49E7-A614-000C1AFA2FFD}.Debug|Any CPU.ActiveCfg = Debug|Any CPU
		{85129B4B-B514-49E7-A614-000C1AFA2FFD}.Debug|Any CPU.Build.0 = Debug|Any CPU
		{85129B4B-B514-49E7-A614-000C1AFA2FFD}.Release|Any CPU.ActiveCfg = Release|Any CPU
		{85129B4B-B514-49E7-A614-000C1AFA2FFD}.Release|Any CPU.Build.0 = Release|Any CPU
		{8594303B-E56C-4454-BC9B-77278A4C934E}.Debug|Any CPU.ActiveCfg = Debug|Any CPU
		{8594303B-E56C-4454-BC9B-77278A4C934E}.Debug|Any CPU.Build.0 = Debug|Any CPU
		{8594303B-E56C-4454-BC9B-77278A4C934E}.Release|Any CPU.ActiveCfg = Release|Any CPU
		{8594303B-E56C-4454-BC9B-77278A4C934E}.Release|Any CPU.Build.0 = Release|Any CPU
		{997E7AFC-2C6E-49A0-B0E0-1B3208E23763}.Debug|Any CPU.ActiveCfg = Debug|Any CPU
		{997E7AFC-2C6E-49A0-B0E0-1B3208E23763}.Debug|Any CPU.Build.0 = Debug|Any CPU
		{997E7AFC-2C6E-49A0-B0E0-1B3208E23763}.Release|Any CPU.ActiveCfg = Release|Any CPU
		{997E7AFC-2C6E-49A0-B0E0-1B3208E23763}.Release|Any CPU.Build.0 = Release|Any CPU
		{91244C21-7FE3-4F4A-852D-33009CB375CD}.Debug|Any CPU.ActiveCfg = Debug|Any CPU
		{91244C21-7FE3-4F4A-852D-33009CB375CD}.Debug|Any CPU.Build.0 = Debug|Any CPU
		{91244C21-7FE3-4F4A-852D-33009CB375CD}.Debug|Any CPU.Deploy.0 = Debug|Any CPU
		{91244C21-7FE3-4F4A-852D-33009CB375CD}.Release|Any CPU.ActiveCfg = Release|Any CPU
		{91244C21-7FE3-4F4A-852D-33009CB375CD}.Release|Any CPU.Build.0 = Release|Any CPU
		{91244C21-7FE3-4F4A-852D-33009CB375CD}.Release|Any CPU.Deploy.0 = Release|Any CPU
	EndGlobalSection
	GlobalSection(SolutionProperties) = preSolution
		HideSolutionNode = FALSE
	EndGlobalSection
	GlobalSection(ExtensibilityGlobals) = postSolution
		SolutionGuid = {C1538CD6-4DAD-41B5-8E11-8768DDAF6353}
	EndGlobalSection
EndGlobal
